// !$*UTF8*$!
{
	archiveVersion = 1;
	classes = {
	};
	objectVersion = 56;
	objects = {

/* Begin PBXBuildFile section */
		57947F862D0BCB3B0012C5E5 /* GitDetectTestApp.swift in Sources */ = {isa = PBXBuildFile; fileRef = 57947F852D0BCB3B0012C5E5 /* GitDetectTestApp.swift */; };
		57947F882D0BCB3B0012C5E5 /* ContentView.swift in Sources */ = {isa = PBXBuildFile; fileRef = 57947F872D0BCB3B0012C5E5 /* ContentView.swift */; };
		57947F8A2D0BCB3C0012C5E5 /* Assets.xcassets in Resources */ = {isa = PBXBuildFile; fileRef = 57947F892D0BCB3C0012C5E5 /* Assets.xcassets */; };
		57947F8D2D0BCB3D0012C5E5 /* Preview Assets.xcassets in Resources */ = {isa = PBXBuildFile; fileRef = 57947F8C2D0BCB3D0012C5E5 /* Preview Assets.xcassets */; };
		57947F972D0BCB3D0012C5E5 /* GitDetectTestTests.swift in Sources */ = {isa = PBXBuildFile; fileRef = 57947F962D0BCB3D0012C5E5 /* GitDetectTestTests.swift */; };
		57947FA12D0BCB3D0012C5E5 /* GitDetectTestUITests.swift in Sources */ = {isa = PBXBuildFile; fileRef = 57947FA02D0BCB3D0012C5E5 /* GitDetectTestUITests.swift */; };
		57947FA32D0BCB3D0012C5E5 /* GitDetectTestUITestsLaunchTests.swift in Sources */ = {isa = PBXBuildFile; fileRef = 57947FA22D0BCB3D0012C5E5 /* GitDetectTestUITestsLaunchTests.swift */; };
		57947FB02D0BCD8F0012C5E5 /* TestView.swift in Sources */ = {isa = PBXBuildFile; fileRef = 57947FAF2D0BCD8F0012C5E5 /* TestView.swift */; };
/* End PBXBuildFile section */

/* Begin PBXContainerItemProxy section */
		57947F932D0BCB3D0012C5E5 /* PBXContainerItemProxy */ = {
			isa = PBXContainerItemProxy;
			containerPortal = 57947F7A2D0BCB3B0012C5E5 /* Project object */;
			proxyType = 1;
			remoteGlobalIDString = 57947F812D0BCB3B0012C5E5;
			remoteInfo = GitDetectTest;
		};
		57947F9D2D0BCB3D0012C5E5 /* PBXContainerItemProxy */ = {
			isa = PBXContainerItemProxy;
			containerPortal = 57947F7A2D0BCB3B0012C5E5 /* Project object */;
			proxyType = 1;
			remoteGlobalIDString = 57947F812D0BCB3B0012C5E5;
			remoteInfo = GitDetectTest;
		};
/* End PBXContainerItemProxy section */

/* Begin PBXFileReference section */
		57947F822D0BCB3B0012C5E5 /* GitDetectTest.app */ = {isa = PBXFileReference; explicitFileType = wrapper.application; includeInIndex = 0; path = GitDetectTest.app; sourceTree = BUILT_PRODUCTS_DIR; };
		57947F852D0BCB3B0012C5E5 /* GitDetectTestApp.swift */ = {isa = PBXFileReference; lastKnownFileType = sourcecode.swift; path = GitDetectTestApp.swift; sourceTree = "<group>"; };
		57947F872D0BCB3B0012C5E5 /* ContentView.swift */ = {isa = PBXFileReference; lastKnownFileType = sourcecode.swift; path = ContentView.swift; sourceTree = "<group>"; };
		57947F892D0BCB3C0012C5E5 /* Assets.xcassets */ = {isa = PBXFileReference; lastKnownFileType = folder.assetcatalog; path = Assets.xcassets; sourceTree = "<group>"; };
		57947F8C2D0BCB3D0012C5E5 /* Preview Assets.xcassets */ = {isa = PBXFileReference; lastKnownFileType = folder.assetcatalog; path = "Preview Assets.xcassets"; sourceTree = "<group>"; };
		57947F922D0BCB3D0012C5E5 /* GitDetectTestTests.xctest */ = {isa = PBXFileReference; explicitFileType = wrapper.cfbundle; includeInIndex = 0; path = GitDetectTestTests.xctest; sourceTree = BUILT_PRODUCTS_DIR; };
		57947F962D0BCB3D0012C5E5 /* GitDetectTestTests.swift */ = {isa = PBXFileReference; lastKnownFileType = sourcecode.swift; path = GitDetectTestTests.swift; sourceTree = "<group>"; };
		57947F9C2D0BCB3D0012C5E5 /* GitDetectTestUITests.xctest */ = {isa = PBXFileReference; explicitFileType = wrapper.cfbundle; includeInIndex = 0; path = GitDetectTestUITests.xctest; sourceTree = BUILT_PRODUCTS_DIR; };
		57947FA02D0BCB3D0012C5E5 /* GitDetectTestUITests.swift */ = {isa = PBXFileReference; lastKnownFileType = sourcecode.swift; path = GitDetectTestUITests.swift; sourceTree = "<group>"; };
		57947FA22D0BCB3D0012C5E5 /* GitDetectTestUITestsLaunchTests.swift */ = {isa = PBXFileReference; lastKnownFileType = sourcecode.swift; path = GitDetectTestUITestsLaunchTests.swift; sourceTree = "<group>"; };
		57947FAF2D0BCD8F0012C5E5 /* TestView.swift */ = {isa = PBXFileReference; lastKnownFileType = sourcecode.swift; path = TestView.swift; sourceTree = "<group>"; };
/* End PBXFileReference section */

/* Begin PBXFrameworksBuildPhase section */
		57947F7F2D0BCB3B0012C5E5 /* Frameworks */ = {
			isa = PBXFrameworksBuildPhase;
			buildActionMask = 2147483647;
			files = (
			);
			runOnlyForDeploymentPostprocessing = 0;
		};
		57947F8F2D0BCB3D0012C5E5 /* Frameworks */ = {
			isa = PBXFrameworksBuildPhase;
			buildActionMask = 2147483647;
			files = (
			);
			runOnlyForDeploymentPostprocessing = 0;
		};
		57947F992D0BCB3D0012C5E5 /* Frameworks */ = {
			isa = PBXFrameworksBuildPhase;
			buildActionMask = 2147483647;
			files = (
			);
			runOnlyForDeploymentPostprocessing = 0;
		};
/* End PBXFrameworksBuildPhase section */

/* Begin PBXGroup section */
		57947F792D0BCB3B0012C5E5 = {
			isa = PBXGroup;
			children = (
				57947F842D0BCB3B0012C5E5 /* GitDetectTest */,
				57947F952D0BCB3D0012C5E5 /* GitDetectTestTests */,
				57947F9F2D0BCB3D0012C5E5 /* GitDetectTestUITests */,
				57947F832D0BCB3B0012C5E5 /* Products */,
			);
			sourceTree = "<group>";
		};
		57947F832D0BCB3B0012C5E5 /* Products */ = {
			isa = PBXGroup;
			children = (
				57947F822D0BCB3B0012C5E5 /* GitDetectTest.app */,
				57947F922D0BCB3D0012C5E5 /* GitDetectTestTests.xctest */,
				57947F9C2D0BCB3D0012C5E5 /* GitDetectTestUITests.xctest */,
			);
			name = Products;
			sourceTree = "<group>";
		};
		57947F842D0BCB3B0012C5E5 /* GitDetectTest */ = {
			isa = PBXGroup;
			children = (
				57947F852D0BCB3B0012C5E5 /* GitDetectTestApp.swift */,
				57947F872D0BCB3B0012C5E5 /* ContentView.swift */,
				57947FAF2D0BCD8F0012C5E5 /* TestView.swift */,
				57947F892D0BCB3C0012C5E5 /* Assets.xcassets */,
				57947F8B2D0BCB3D0012C5E5 /* Preview Content */,
			);
			path = GitDetectTest;
			sourceTree = "<group>";
		};
		57947F8B2D0BCB3D0012C5E5 /* Preview Content */ = {
			isa = PBXGroup;
			children = (
				57947F8C2D0BCB3D0012C5E5 /* Preview Assets.xcassets */,
			);
			path = "Preview Content";
			sourceTree = "<group>";
		};
		57947F952D0BCB3D0012C5E5 /* GitDetectTestTests */ = {
			isa = PBXGroup;
			children = (
				57947F962D0BCB3D0012C5E5 /* GitDetectTestTests.swift */,
			);
			path = GitDetectTestTests;
			sourceTree = "<group>";
		};
		57947F9F2D0BCB3D0012C5E5 /* GitDetectTestUITests */ = {
			isa = PBXGroup;
			children = (
				57947FA02D0BCB3D0012C5E5 /* GitDetectTestUITests.swift */,
				57947FA22D0BCB3D0012C5E5 /* GitDetectTestUITestsLaunchTests.swift */,
			);
			path = GitDetectTestUITests;
			sourceTree = "<group>";
		};
/* End PBXGroup section */

/* Begin PBXNativeTarget section */
		57947F812D0BCB3B0012C5E5 /* GitDetectTest */ = {
			isa = PBXNativeTarget;
			buildConfigurationList = 57947FA62D0BCB3D0012C5E5 /* Build configuration list for PBXNativeTarget "GitDetectTest" */;
			buildPhases = (
				57947F7E2D0BCB3B0012C5E5 /* Sources */,
				57947F7F2D0BCB3B0012C5E5 /* Frameworks */,
				57947F802D0BCB3B0012C5E5 /* Resources */,
			);
			buildRules = (
			);
			dependencies = (
			);
			name = GitDetectTest;
			productName = GitDetectTest;
			productReference = 57947F822D0BCB3B0012C5E5 /* GitDetectTest.app */;
			productType = "com.apple.product-type.application";
		};
		57947F912D0BCB3D0012C5E5 /* GitDetectTestTests */ = {
			isa = PBXNativeTarget;
			buildConfigurationList = 57947FA92D0BCB3D0012C5E5 /* Build configuration list for PBXNativeTarget "GitDetectTestTests" */;
			buildPhases = (
				57947F8E2D0BCB3D0012C5E5 /* Sources */,
				57947F8F2D0BCB3D0012C5E5 /* Frameworks */,
				57947F902D0BCB3D0012C5E5 /* Resources */,
			);
			buildRules = (
			);
			dependencies = (
				57947F942D0BCB3D0012C5E5 /* PBXTargetDependency */,
			);
			name = GitDetectTestTests;
			productName = GitDetectTestTests;
			productReference = 57947F922D0BCB3D0012C5E5 /* GitDetectTestTests.xctest */;
			productType = "com.apple.product-type.bundle.unit-test";
		};
		57947F9B2D0BCB3D0012C5E5 /* GitDetectTestUITests */ = {
			isa = PBXNativeTarget;
			buildConfigurationList = 57947FAC2D0BCB3D0012C5E5 /* Build configuration list for PBXNativeTarget "GitDetectTestUITests" */;
			buildPhases = (
				57947F982D0BCB3D0012C5E5 /* Sources */,
				57947F992D0BCB3D0012C5E5 /* Frameworks */,
				57947F9A2D0BCB3D0012C5E5 /* Resources */,
			);
			buildRules = (
			);
			dependencies = (
				57947F9E2D0BCB3D0012C5E5 /* PBXTargetDependency */,
			);
			name = GitDetectTestUITests;
			productName = GitDetectTestUITests;
			productReference = 57947F9C2D0BCB3D0012C5E5 /* GitDetectTestUITests.xctest */;
			productType = "com.apple.product-type.bundle.ui-testing";
		};
/* End PBXNativeTarget section */

/* Begin PBXProject section */
		57947F7A2D0BCB3B0012C5E5 /* Project object */ = {
			isa = PBXProject;
			attributes = {
				BuildIndependentTargetsInParallel = 1;
				LastSwiftUpdateCheck = 1520;
				LastUpgradeCheck = 1520;
				TargetAttributes = {
					57947F812D0BCB3B0012C5E5 = {
						CreatedOnToolsVersion = 15.2;
					};
					57947F912D0BCB3D0012C5E5 = {
						CreatedOnToolsVersion = 15.2;
						TestTargetID = 57947F812D0BCB3B0012C5E5;
					};
					57947F9B2D0BCB3D0012C5E5 = {
						CreatedOnToolsVersion = 15.2;
						TestTargetID = 57947F812D0BCB3B0012C5E5;
					};
				};
			};
			buildConfigurationList = 57947F7D2D0BCB3B0012C5E5 /* Build configuration list for PBXProject "GitDetectTest" */;
			compatibilityVersion = "Xcode 14.0";
			developmentRegion = en;
			hasScannedForEncodings = 0;
			knownRegions = (
				en,
				Base,
			);
			mainGroup = 57947F792D0BCB3B0012C5E5;
			productRefGroup = 57947F832D0BCB3B0012C5E5 /* Products */;
			projectDirPath = "";
			projectRoot = "";
			targets = (
				57947F812D0BCB3B0012C5E5 /* GitDetectTest */,
				57947F912D0BCB3D0012C5E5 /* GitDetectTestTests */,
				57947F9B2D0BCB3D0012C5E5 /* GitDetectTestUITests */,
			);
		};
/* End PBXProject section */

/* Begin PBXResourcesBuildPhase section */
		57947F802D0BCB3B0012C5E5 /* Resources */ = {
			isa = PBXResourcesBuildPhase;
			buildActionMask = 2147483647;
			files = (
				57947F8D2D0BCB3D0012C5E5 /* Preview Assets.xcassets in Resources */,
				57947F8A2D0BCB3C0012C5E5 /* Assets.xcassets in Resources */,
			);
			runOnlyForDeploymentPostprocessing = 0;
		};
		57947F902D0BCB3D0012C5E5 /* Resources */ = {
			isa = PBXResourcesBuildPhase;
			buildActionMask = 2147483647;
			files = (
			);
			runOnlyForDeploymentPostprocessing = 0;
		};
		57947F9A2D0BCB3D0012C5E5 /* Resources */ = {
			isa = PBXResourcesBuildPhase;
			buildActionMask = 2147483647;
			files = (
			);
			runOnlyForDeploymentPostprocessing = 0;
		};
/* End PBXResourcesBuildPhase section */

/* Begin PBXSourcesBuildPhase section */
		57947F7E2D0BCB3B0012C5E5 /* Sources */ = {
			isa = PBXSourcesBuildPhase;
			buildActionMask = 2147483647;
			files = (
				57947FB02D0BCD8F0012C5E5 /* TestView.swift in Sources */,
				57947F882D0BCB3B0012C5E5 /* ContentView.swift in Sources */,
				57947F862D0BCB3B0012C5E5 /* GitDetectTestApp.swift in Sources */,
			);
			runOnlyForDeploymentPostprocessing = 0;
		};
		57947F8E2D0BCB3D0012C5E5 /* Sources */ = {
			isa = PBXSourcesBuildPhase;
			buildActionMask = 2147483647;
			files = (
				57947F972D0BCB3D0012C5E5 /* GitDetectTestTests.swift in Sources */,
			);
			runOnlyForDeploymentPostprocessing = 0;
		};
		57947F982D0BCB3D0012C5E5 /* Sources */ = {
			isa = PBXSourcesBuildPhase;
			buildActionMask = 2147483647;
			files = (
				57947FA32D0BCB3D0012C5E5 /* GitDetectTestUITestsLaunchTests.swift in Sources */,
				57947FA12D0BCB3D0012C5E5 /* GitDetectTestUITests.swift in Sources */,
			);
			runOnlyForDeploymentPostprocessing = 0;
		};
/* End PBXSourcesBuildPhase section */

/* Begin PBXTargetDependency section */
		57947F942D0BCB3D0012C5E5 /* PBXTargetDependency */ = {
			isa = PBXTargetDependency;
			target = 57947F812D0BCB3B0012C5E5 /* GitDetectTest */;
			targetProxy = 57947F932D0BCB3D0012C5E5 /* PBXContainerItemProxy */;
		};
		57947F9E2D0BCB3D0012C5E5 /* PBXTargetDependency */ = {
			isa = PBXTargetDependency;
			target = 57947F812D0BCB3B0012C5E5 /* GitDetectTest */;
			targetProxy = 57947F9D2D0BCB3D0012C5E5 /* PBXContainerItemProxy */;
		};
/* End PBXTargetDependency section */

/* Begin XCBuildConfiguration section */
		57947FA42D0BCB3D0012C5E5 /* Debug */ = {
			isa = XCBuildConfiguration;
			buildSettings = {
				ALWAYS_SEARCH_USER_PATHS = NO;
				ASSETCATALOG_COMPILER_GENERATE_SWIFT_ASSET_SYMBOL_EXTENSIONS = YES;
				CLANG_ANALYZER_NONNULL = YES;
				CLANG_ANALYZER_NUMBER_OBJECT_CONVERSION = YES_AGGRESSIVE;
				CLANG_CXX_LANGUAGE_STANDARD = "gnu++20";
				CLANG_ENABLE_MODULES = YES;
				CLANG_ENABLE_OBJC_ARC = YES;
				CLANG_ENABLE_OBJC_WEAK = YES;
				CLANG_WARN_BLOCK_CAPTURE_AUTORELEASING = YES;
				CLANG_WARN_BOOL_CONVERSION = YES;
				CLANG_WARN_COMMA = YES;
				CLANG_WARN_CONSTANT_CONVERSION = YES;
				CLANG_WARN_DEPRECATED_OBJC_IMPLEMENTATIONS = YES;
				CLANG_WARN_DIRECT_OBJC_ISA_USAGE = YES_ERROR;
				CLANG_WARN_DOCUMENTATION_COMMENTS = YES;
				CLANG_WARN_EMPTY_BODY = YES;
				CLANG_WARN_ENUM_CONVERSION = YES;
				CLANG_WARN_INFINITE_RECURSION = YES;
				CLANG_WARN_INT_CONVERSION = YES;
				CLANG_WARN_NON_LITERAL_NULL_CONVERSION = YES;
				CLANG_WARN_OBJC_IMPLICIT_RETAIN_SELF = YES;
				CLANG_WARN_OBJC_LITERAL_CONVERSION = YES;
				CLANG_WARN_OBJC_ROOT_CLASS = YES_ERROR;
				CLANG_WARN_QUOTED_INCLUDE_IN_FRAMEWORK_HEADER = YES;
				CLANG_WARN_RANGE_LOOP_ANALYSIS = YES;
				CLANG_WARN_STRICT_PROTOTYPES = YES;
				CLANG_WARN_SUSPICIOUS_MOVE = YES;
				CLANG_WARN_UNGUARDED_AVAILABILITY = YES_AGGRESSIVE;
				CLANG_WARN_UNREACHABLE_CODE = YES;
				CLANG_WARN__DUPLICATE_METHOD_MATCH = YES;
				COPY_PHASE_STRIP = NO;
				DEBUG_INFORMATION_FORMAT = dwarf;
				ENABLE_STRICT_OBJC_MSGSEND = YES;
				ENABLE_TESTABILITY = YES;
				ENABLE_USER_SCRIPT_SANDBOXING = YES;
				GCC_C_LANGUAGE_STANDARD = gnu17;
				GCC_DYNAMIC_NO_PIC = NO;
				GCC_NO_COMMON_BLOCKS = YES;
				GCC_OPTIMIZATION_LEVEL = 0;
				GCC_PREPROCESSOR_DEFINITIONS = (
					"DEBUG=1",
					"$(inherited)",
				);
				GCC_WARN_64_TO_32_BIT_CONVERSION = YES;
				GCC_WARN_ABOUT_RETURN_TYPE = YES_ERROR;
				GCC_WARN_UNDECLARED_SELECTOR = YES;
				GCC_WARN_UNINITIALIZED_AUTOS = YES_AGGRESSIVE;
				GCC_WARN_UNUSED_FUNCTION = YES;
				GCC_WARN_UNUSED_VARIABLE = YES;
				IPHONEOS_DEPLOYMENT_TARGET = 17.2;
				LOCALIZATION_PREFERS_STRING_CATALOGS = YES;
				MTL_ENABLE_DEBUG_INFO = INCLUDE_SOURCE;
				MTL_FAST_MATH = YES;
				ONLY_ACTIVE_ARCH = YES;
				SDKROOT = iphoneos;
				SWIFT_ACTIVE_COMPILATION_CONDITIONS = "DEBUG $(inherited)";
				SWIFT_OPTIMIZATION_LEVEL = "-Onone";
			};
			name = Debug;
		};
		57947FA52D0BCB3D0012C5E5 /* Release */ = {
			isa = XCBuildConfiguration;
			buildSettings = {
				ALWAYS_SEARCH_USER_PATHS = NO;
				ASSETCATALOG_COMPILER_GENERATE_SWIFT_ASSET_SYMBOL_EXTENSIONS = YES;
				CLANG_ANALYZER_NONNULL = YES;
				CLANG_ANALYZER_NUMBER_OBJECT_CONVERSION = YES_AGGRESSIVE;
				CLANG_CXX_LANGUAGE_STANDARD = "gnu++20";
				CLANG_ENABLE_MODULES = YES;
				CLANG_ENABLE_OBJC_ARC = YES;
				CLANG_ENABLE_OBJC_WEAK = YES;
				CLANG_WARN_BLOCK_CAPTURE_AUTORELEASING = YES;
				CLANG_WARN_BOOL_CONVERSION = YES;
				CLANG_WARN_COMMA = YES;
				CLANG_WARN_CONSTANT_CONVERSION = YES;
				CLANG_WARN_DEPRECATED_OBJC_IMPLEMENTATIONS = YES;
				CLANG_WARN_DIRECT_OBJC_ISA_USAGE = YES_ERROR;
				CLANG_WARN_DOCUMENTATION_COMMENTS = YES;
				CLANG_WARN_EMPTY_BODY = YES;
				CLANG_WARN_ENUM_CONVERSION = YES;
				CLANG_WARN_INFINITE_RECURSION = YES;
				CLANG_WARN_INT_CONVERSION = YES;
				CLANG_WARN_NON_LITERAL_NULL_CONVERSION = YES;
				CLANG_WARN_OBJC_IMPLICIT_RETAIN_SELF = YES;
				CLANG_WARN_OBJC_LITERAL_CONVERSION = YES;
				CLANG_WARN_OBJC_ROOT_CLASS = YES_ERROR;
				CLANG_WARN_QUOTED_INCLUDE_IN_FRAMEWORK_HEADER = YES;
				CLANG_WARN_RANGE_LOOP_ANALYSIS = YES;
				CLANG_WARN_STRICT_PROTOTYPES = YES;
				CLANG_WARN_SUSPICIOUS_MOVE = YES;
				CLANG_WARN_UNGUARDED_AVAILABILITY = YES_AGGRESSIVE;
				CLANG_WARN_UNREACHABLE_CODE = YES;
				CLANG_WARN__DUPLICATE_METHOD_MATCH = YES;
				COPY_PHASE_STRIP = NO;
				DEBUG_INFORMATION_FORMAT = "dwarf-with-dsym";
				ENABLE_NS_ASSERTIONS = NO;
				ENABLE_STRICT_OBJC_MSGSEND = YES;
				ENABLE_USER_SCRIPT_SANDBOXING = YES;
				GCC_C_LANGUAGE_STANDARD = gnu17;
				GCC_NO_COMMON_BLOCKS = YES;
				GCC_WARN_64_TO_32_BIT_CONVERSION = YES;
				GCC_WARN_ABOUT_RETURN_TYPE = YES_ERROR;
				GCC_WARN_UNDECLARED_SELECTOR = YES;
				GCC_WARN_UNINITIALIZED_AUTOS = YES_AGGRESSIVE;
				GCC_WARN_UNUSED_FUNCTION = YES;
				GCC_WARN_UNUSED_VARIABLE = YES;
				IPHONEOS_DEPLOYMENT_TARGET = 17.2;
				LOCALIZATION_PREFERS_STRING_CATALOGS = YES;
				MTL_ENABLE_DEBUG_INFO = NO;
				MTL_FAST_MATH = YES;
				SDKROOT = iphoneos;
				SWIFT_COMPILATION_MODE = wholemodule;
				VALIDATE_PRODUCT = YES;
			};
			name = Release;
		};
		57947FA72D0BCB3D0012C5E5 /* Debug */ = {
			isa = XCBuildConfiguration;
			buildSettings = {
				ASSETCATALOG_COMPILER_APPICON_NAME = AppIcon;
				ASSETCATALOG_COMPILER_GLOBAL_ACCENT_COLOR_NAME = AccentColor;
				CODE_SIGN_STYLE = Automatic;
				CURRENT_PROJECT_VERSION = 1;
				DEVELOPMENT_ASSET_PATHS = "\"GitDetectTest/Preview Content\"";
				DEVELOPMENT_TEAM = P4P28KTQQK;
				ENABLE_PREVIEWS = YES;
				GENERATE_INFOPLIST_FILE = YES;
				INFOPLIST_KEY_UIApplicationSceneManifest_Generation = YES;
				INFOPLIST_KEY_UIApplicationSupportsIndirectInputEvents = YES;
				INFOPLIST_KEY_UILaunchScreen_Generation = YES;
				INFOPLIST_KEY_UISupportedInterfaceOrientations_iPad = "UIInterfaceOrientationPortrait UIInterfaceOrientationPortraitUpsideDown UIInterfaceOrientationLandscapeLeft UIInterfaceOrientationLandscapeRight";
				INFOPLIST_KEY_UISupportedInterfaceOrientations_iPhone = "UIInterfaceOrientationPortrait UIInterfaceOrientationLandscapeLeft UIInterfaceOrientationLandscapeRight";
				LD_RUNPATH_SEARCH_PATHS = (
					"$(inherited)",
					"@executable_path/Frameworks",
				);
				MARKETING_VERSION = 1.0;
				PRODUCT_BUNDLE_IDENTIFIER = com.NobuyaTagawa.GitDetectTest;
				PRODUCT_NAME = "$(TARGET_NAME)";
				SWIFT_EMIT_LOC_STRINGS = YES;
				SWIFT_VERSION = 5.0;
				TARGETED_DEVICE_FAMILY = "1,2";
			};
			name = Debug;
		};
		57947FA82D0BCB3D0012C5E5 /* Release */ = {
			isa = XCBuildConfiguration;
			buildSettings = {
				ASSETCATALOG_COMPILER_APPICON_NAME = AppIcon;
				ASSETCATALOG_COMPILER_GLOBAL_ACCENT_COLOR_NAME = AccentColor;
				CODE_SIGN_STYLE = Automatic;
				CURRENT_PROJECT_VERSION = 1;
				DEVELOPMENT_ASSET_PATHS = "\"GitDetectTest/Preview Content\"";
				DEVELOPMENT_TEAM = P4P28KTQQK;
				ENABLE_PREVIEWS = YES;
				GENERATE_INFOPLIST_FILE = YES;
				INFOPLIST_KEY_UIApplicationSceneManifest_Generation = YES;
				INFOPLIST_KEY_UIApplicationSupportsIndirectInputEvents = YES;
				INFOPLIST_KEY_UILaunchScreen_Generation = YES;
				INFOPLIST_KEY_UISupportedInterfaceOrientations_iPad = "UIInterfaceOrientationPortrait UIInterfaceOrientationPortraitUpsideDown UIInterfaceOrientationLandscapeLeft UIInterfaceOrientationLandscapeRight";
				INFOPLIST_KEY_UISupportedInterfaceOrientations_iPhone = "UIInterfaceOrientationPortrait UIInterfaceOrientationLandscapeLeft UIInterfaceOrientationLandscapeRight";
				LD_RUNPATH_SEARCH_PATHS = (
					"$(inherited)",
					"@executable_path/Frameworks",
				);
				MARKETING_VERSION = 1.0;
				PRODUCT_BUNDLE_IDENTIFIER = com.NobuyaTagawa.GitDetectTest;
				PRODUCT_NAME = "$(TARGET_NAME)";
				SWIFT_EMIT_LOC_STRINGS = YES;
				SWIFT_VERSION = 5.0;
				TARGETED_DEVICE_FAMILY = "1,2";
			};
			name = Release;
		};
		57947FAA2D0BCB3D0012C5E5 /* Debug */ = {
			isa = XCBuildConfiguration;
			buildSettings = {
				ALWAYS_EMBED_SWIFT_STANDARD_LIBRARIES = YES;
				BUNDLE_LOADER = "$(TEST_HOST)";
				CODE_SIGN_STYLE = Automatic;
				CURRENT_PROJECT_VERSION = 1;
				DEVELOPMENT_TEAM = P4P28KTQQK;
				GENERATE_INFOPLIST_FILE = YES;
				IPHONEOS_DEPLOYMENT_TARGET = 17.2;
				MARKETING_VERSION = 1.0;
				PRODUCT_BUNDLE_IDENTIFIER = com.NobuyaTagawa.GitDetectTestTests;
				PRODUCT_NAME = "$(TARGET_NAME)";
				SWIFT_EMIT_LOC_STRINGS = NO;
				SWIFT_VERSION = 5.0;
				TARGETED_DEVICE_FAMILY = "1,2";
				TEST_HOST = "$(BUILT_PRODUCTS_DIR)/GitDetectTest.app/$(BUNDLE_EXECUTABLE_FOLDER_PATH)/GitDetectTest";
			};
			name = Debug;
		};
		57947FAB2D0BCB3D0012C5E5 /* Release */ = {
			isa = XCBuildConfiguration;
			buildSettings = {
				ALWAYS_EMBED_SWIFT_STANDARD_LIBRARIES = YES;
				BUNDLE_LOADER = "$(TEST_HOST)";
				CODE_SIGN_STYLE = Automatic;
				CURRENT_PROJECT_VERSION = 1;
				DEVELOPMENT_TEAM = P4P28KTQQK;
				GENERATE_INFOPLIST_FILE = YES;
				IPHONEOS_DEPLOYMENT_TARGET = 17.2;
				MARKETING_VERSION = 1.0;
				PRODUCT_BUNDLE_IDENTIFIER = com.NobuyaTagawa.GitDetectTestTests;
				PRODUCT_NAME = "$(TARGET_NAME)";
				SWIFT_EMIT_LOC_STRINGS = NO;
				SWIFT_VERSION = 5.0;
				TARGETED_DEVICE_FAMILY = "1,2";
				TEST_HOST = "$(BUILT_PRODUCTS_DIR)/GitDetectTest.app/$(BUNDLE_EXECUTABLE_FOLDER_PATH)/GitDetectTest";
			};
			name = Release;
		};
		57947FAD2D0BCB3D0012C5E5 /* Debug */ = {
			isa = XCBuildConfiguration;
			buildSettings = {
				ALWAYS_EMBED_SWIFT_STANDARD_LIBRARIES = YES;
				CODE_SIGN_STYLE = Automatic;
				CURRENT_PROJECT_VERSION = 1;
				DEVELOPMENT_TEAM = P4P28KTQQK;
				GENERATE_INFOPLIST_FILE = YES;
				MARKETING_VERSION = 1.0;
				PRODUCT_BUNDLE_IDENTIFIER = com.NobuyaTagawa.GitDetectTestUITests;
				PRODUCT_NAME = "$(TARGET_NAME)";
				SWIFT_EMIT_LOC_STRINGS = NO;
				SWIFT_VERSION = 5.0;
				TARGETED_DEVICE_FAMILY = "1,2";
				TEST_TARGET_NAME = GitDetectTest;
			};
			name = Debug;
		};
		57947FAE2D0BCB3D0012C5E5 /* Release */ = {
			isa = XCBuildConfiguration;
			buildSettings = {
				ALWAYS_EMBED_SWIFT_STANDARD_LIBRARIES = YES;
				CODE_SIGN_STYLE = Automatic;
				CURRENT_PROJECT_VERSION = 1;
				DEVELOPMENT_TEAM = P4P28KTQQK;
				GENERATE_INFOPLIST_FILE = YES;
				MARKETING_VERSION = 1.0;
				PRODUCT_BUNDLE_IDENTIFIER = com.NobuyaTagawa.GitDetectTestUITests;
				PRODUCT_NAME = "$(TARGET_NAME)";
				SWIFT_EMIT_LOC_STRINGS = NO;
				SWIFT_VERSION = 5.0;
				TARGETED_DEVICE_FAMILY = "1,2";
				TEST_TARGET_NAME = GitDetectTest;
			};
			name = Release;
		};
/* End XCBuildConfiguration section */

/* Begin XCConfigurationList section */
		57947F7D2D0BCB3B0012C5E5 /* Build configuration list for PBXProject "GitDetectTest" */ = {
			isa = XCConfigurationList;
			buildConfigurations = (
				57947FA42D0BCB3D0012C5E5 /* Debug */,
				57947FA52D0BCB3D0012C5E5 /* Release */,
			);
			defaultConfigurationIsVisible = 0;
			defaultConfigurationName = Release;
		};
		57947FA62D0BCB3D0012C5E5 /* Build configuration list for PBXNativeTarget "GitDetectTest" */ = {
			isa = XCConfigurationList;
			buildConfigurations = (
				57947FA72D0BCB3D0012C5E5 /* Debug */,
				57947FA82D0BCB3D0012C5E5 /* Release */,
			);
			defaultConfigurationIsVisible = 0;
			defaultConfigurationName = Release;
		};
		57947FA92D0BCB3D0012C5E5 /* Build configuration list for PBXNativeTarget "GitDetectTestTests" */ = {
			isa = XCConfigurationList;
			buildConfigurations = (
				57947FAA2D0BCB3D0012C5E5 /* Debug */,
				57947FAB2D0BCB3D0012C5E5 /* Release */,
			);
			defaultConfigurationIsVisible = 0;
			defaultConfigurationName = Release;
		};
		57947FAC2D0BCB3D0012C5E5 /* Build configuration list for PBXNativeTarget "GitDetectTestUITests" */ = {
			isa = XCConfigurationList;
			buildConfigurations = (
				57947FAD2D0BCB3D0012C5E5 /* Debug */,
				57947FAE2D0BCB3D0012C5E5 /* Release */,
			);
			defaultConfigurationIsVisible = 0;
			defaultConfigurationName = Release;
		};
/* End XCConfigurationList section */
	};
	rootObject = 57947F7A2D0BCB3B0012C5E5 /* Project object */;
}
